
Microsoft Visual Studio Solution File, Format Version 12.00
# Visual Studio Version 16
VisualStudioVersion = 16.0.30717.126
MinimumVisualStudioVersion = 10.0.40219.1
Project("{FAE04EC0-301F-11D3-BF4B-00C04F79EFBC}") = "EmpRegd", "EmpRegd.csproj", "{15A5A749-6B38-4DA2-AE89-BDCE36AC07BB}"
EndProject
Global
	GlobalSection(SolutionConfigurationPlatforms) = preSolution
		Debug|Any CPU = Debug|Any CPU
		Release|Any CPU = Release|Any CPU
	EndGlobalSection
	GlobalSection(ProjectConfigurationPlatforms) = postSolution
		{15A5A749-6B38-4DA2-AE89-BDCE36AC07BB}.Debug|Any CPU.ActiveCfg = Debug|Any CPU
		{15A5A749-6B38-4DA2-AE89-BDCE36AC07BB}.Debug|Any CPU.Build.0 = Debug|Any CPU
		{15A5A749-6B38-4DA2-AE89-BDCE36AC07BB}.Release|Any CPU.ActiveCfg = Release|Any CPU
		{15A5A749-6B38-4DA2-AE89-BDCE36AC07BB}.Release|Any CPU.Build.0 = Release|Any CPU
	EndGlobalSection
	GlobalSection(SolutionProperties) = preSolution
		HideSolutionNode = FALSE
	EndGlobalSection
	GlobalSection(ExtensibilityGlobals) = postSolution
		SolutionGuid = {FE2A17C2-34E5-43E6-9B53-D52229596C99}
	EndGlobalSection
EndGlobal
